
Microsoft Visual Studio Solution File, Format Version 12.00
# Visual Studio Version 17
VisualStudioVersion = 17.5.33502.453
MinimumVisualStudioVersion = 10.0.40219.1
Project("{8BC9CEB8-8B4A-11D0-8D11-00A0C91BC942}") = "pointer1", "pointer1\pointer1.vcxproj", "{C40B8678-8D57-4B94-881C-840ACB1C8BD3}"
EndProject
Project("{8BC9CEB8-8B4A-11D0-8D11-00A0C91BC942}") = "pointer2", "pointer2\pointer2.vcxproj", "{73CCE53B-FC14-4977-A479-DF7640E27159}"
EndProject
Project("{8BC9CEB8-8B4A-11D0-8D11-00A0C91BC942}") = "friendclass", "friendclass\friendclass.vcxproj", "{A2E53FEC-19F0-4C59-8410-D93900EFA4ED}"
EndProject
Project("{8BC9CEB8-8B4A-11D0-8D11-00A0C91BC942}") = "friendclass1", "friendclass1\friendclass1.vcxproj", "{FB7A9EFE-0413-4EA5-B00C-A74F485A61D6}"
EndProject
Project("{8BC9CEB8-8B4A-11D0-8D11-00A0C91BC942}") = "friendclass2", "friendclass2\friendclass2.vcxproj", "{5EC8777C-FC5D-4FA8-ABC8-D547364A0A92}"
EndProject
Global
	GlobalSection(SolutionConfigurationPlatforms) = preSolution
		Debug|x64 = Debug|x64
		Debug|x86 = Debug|x86
		Release|x64 = Release|x64
		Release|x86 = Release|x86
	EndGlobalSection
	GlobalSection(ProjectConfigurationPlatforms) = postSolution
		{C40B8678-8D57-4B94-881C-840ACB1C8BD3}.Debug|x64.ActiveCfg = Debug|x64
		{C40B8678-8D57-4B94-881C-840ACB1C8BD3}.Debug|x64.Build.0 = Debug|x64
		{C40B8678-8D57-4B94-881C-840ACB1C8BD3}.Debug|x86.ActiveCfg = Debug|Win32
		{C40B8678-8D57-4B94-881C-840ACB1C8BD3}.Debug|x86.Build.0 = Debug|Win32
		{C40B8678-8D57-4B94-881C-840ACB1C8BD3}.Release|x64.ActiveCfg = Release|x64
		{C40B8678-8D57-4B94-881C-840ACB1C8BD3}.Release|x64.Build.0 = Release|x64
		{C40B8678-8D57-4B94-881C-840ACB1C8BD3}.Release|x86.ActiveCfg = Release|Win32
		{C40B8678-8D57-4B94-881C-840ACB1C8BD3}.Release|x86.Build.0 = Release|Win32
		{73CCE53B-FC14-4977-A479-DF7640E27159}.Debug|x64.ActiveCfg = Debug|x64
		{73CCE53B-FC14-4977-A479-DF7640E27159}.Debug|x64.Build.0 = Debug|x64
		{73CCE53B-FC14-4977-A479-DF7640E27159}.Debug|x86.ActiveCfg = Debug|Win32
		{73CCE53B-FC14-4977-A479-DF7640E27159}.Debug|x86.Build.0 = Debug|Win32
		{73CCE53B-FC14-4977-A479-DF7640E27159}.Release|x64.ActiveCfg = Release|x64
		{73CCE53B-FC14-4977-A479-DF7640E27159}.Release|x64.Build.0 = Release|x64
		{73CCE53B-FC14-4977-A479-DF7640E27159}.Release|x86.ActiveCfg = Release|Win32
		{73CCE53B-FC14-4977-A479-DF7640E27159}.Release|x86.Build.0 = Release|Win32
		{A2E53FEC-19F0-4C59-8410-D93900EFA4ED}.Debug|x64.ActiveCfg = Debug|x64
		{A2E53FEC-19F0-4C59-8410-D93900EFA4ED}.Debug|x64.Build.0 = Debug|x64
		{A2E53FEC-19F0-4C59-8410-D93900EFA4ED}.Debug|x86.ActiveCfg = Debug|Win32
		{A2E53FEC-19F0-4C59-8410-D93900EFA4ED}.Debug|x86.Build.0 = Debug|Win32
		{A2E53FEC-19F0-4C59-8410-D93900EFA4ED}.Release|x64.ActiveCfg = Release|x64
		{A2E53FEC-19F0-4C59-8410-D93900EFA4ED}.Release|x64.Build.0 = Release|x64
		{A2E53FEC-19F0-4C59-8410-D93900EFA4ED}.Release|x86.ActiveCfg = Release|Win32
		{A2E53FEC-19F0-4C59-8410-D93900EFA4ED}.Release|x86.Build.0 = Release|Win32
		{FB7A9EFE-0413-4EA5-B00C-A74F485A61D6}.Debug|x64.ActiveCfg = Debug|x64
		{FB7A9EFE-0413-4EA5-B00C-A74F485A61D6}.Debug|x64.Build.0 = Debug|x64
		{FB7A9EFE-0413-4EA5-B00C-A74F485A61D6}.Debug|x86.ActiveCfg = Debug|Win32
		{FB7A9EFE-0413-4EA5-B00C-A74F485A61D6}.Debug|x86.Build.0 = Debug|Win32
		{FB7A9EFE-0413-4EA5-B00C-A74F485A61D6}.Release|x64.ActiveCfg = Release|x64
		{FB7A9EFE-0413-4EA5-B00C-A74F485A61D6}.Release|x64.Build.0 = Release|x64
		{FB7A9EFE-0413-4EA5-B00C-A74F485A61D6}.Release|x86.ActiveCfg = Release|Win32
		{FB7A9EFE-0413-4EA5-B00C-A74F485A61D6}.Release|x86.Build.0 = Release|Win32
		{5EC8777C-FC5D-4FA8-ABC8-D547364A0A92}.Debug|x64.ActiveCfg = Debug|x64
		{5EC8777C-FC5D-4FA8-ABC8-D547364A0A92}.Debug|x64.Build.0 = Debug|x64
		{5EC8777C-FC5D-4FA8-ABC8-D547364A0A92}.Debug|x86.ActiveCfg = Debug|Win32
		{5EC8777C-FC5D-4FA8-ABC8-D547364A0A92}.Debug|x86.Build.0 = Debug|Win32
		{5EC8777C-FC5D-4FA8-ABC8-D547364A0A92}.Release|x64.ActiveCfg = Release|x64
		{5EC8777C-FC5D-4FA8-ABC8-D547364A0A92}.Release|x64.Build.0 = Release|x64
		{5EC8777C-FC5D-4FA8-ABC8-D547364A0A92}.Release|x86.ActiveCfg = Release|Win32
		{5EC8777C-FC5D-4FA8-ABC8-D547364A0A92}.Release|x86.Build.0 = Release|Win32
	EndGlobalSection
	GlobalSection(SolutionProperties) = preSolution
		HideSolutionNode = FALSE
	EndGlobalSection
	GlobalSection(ExtensibilityGlobals) = postSolution
		SolutionGuid = {250735E3-97C1-4BB2-82FC-88037CE0AC84}
	EndGlobalSection
EndGlobal
